
Microsoft Visual Studio Solution File, Format Version 12.00
# Visual Studio Version 16
VisualStudioVersion = 16.0.31105.61
MinimumVisualStudioVersion = 10.0.40219.1
Project("{FAE04EC0-301F-11D3-BF4B-00C04F79EFBC}") = "KamilaApi", "KamilaApi\KamilaApi.csproj", "{59715999-323A-4148-B60F-9540878FAF7B}"
EndProject
Global
	GlobalSection(SolutionConfigurationPlatforms) = preSolution
		Debug|Any CPU = Debug|Any CPU
		Release|Any CPU = Release|Any CPU
	EndGlobalSection
	GlobalSection(ProjectConfigurationPlatforms) = postSolution
		{59715999-323A-4148-B60F-9540878FAF7B}.Debug|Any CPU.ActiveCfg = Debug|Any CPU
		{59715999-323A-4148-B60F-9540878FAF7B}.Debug|Any CPU.Build.0 = Debug|Any CPU
		{59715999-323A-4148-B60F-9540878FAF7B}.Release|Any CPU.ActiveCfg = Release|Any CPU
		{59715999-323A-4148-B60F-9540878FAF7B}.Release|Any CPU.Build.0 = Release|Any CPU
	EndGlobalSection
	GlobalSection(SolutionProperties) = preSolution
		HideSolutionNode = FALSE
	EndGlobalSection
	GlobalSection(ExtensibilityGlobals) = postSolution
		SolutionGuid = {A708B8A7-7F1D-4CF7-9F4A-11CB0BE6AA64}
	EndGlobalSection
EndGlobal
